
Microsoft Visual Studio Solution File, Format Version 12.00
# Visual Studio Version 16
VisualStudioVersion = 16.0.31321.278
MinimumVisualStudioVersion = 10.0.40219.1
Project("{FAE04EC0-301F-11D3-BF4B-00C04F79EFBC}") = "Acrocat", "Acrocat.csproj", "{28D22385-1CDC-4144-BA28-C539BD09CEAD}"
EndProject
Global
	GlobalSection(SolutionConfigurationPlatforms) = preSolution
		Debug|Any CPU = Debug|Any CPU
		Release|Any CPU = Release|Any CPU
	EndGlobalSection
	GlobalSection(ProjectConfigurationPlatforms) = postSolution
		{28D22385-1CDC-4144-BA28-C539BD09CEAD}.Debug|Any CPU.ActiveCfg = Debug|Any CPU
		{28D22385-1CDC-4144-BA28-C539BD09CEAD}.Debug|Any CPU.Build.0 = Debug|Any CPU
		{28D22385-1CDC-4144-BA28-C539BD09CEAD}.Release|Any CPU.ActiveCfg = Release|Any CPU
		{28D22385-1CDC-4144-BA28-C539BD09CEAD}.Release|Any CPU.Build.0 = Release|Any CPU
	EndGlobalSection
	GlobalSection(SolutionProperties) = preSolution
		HideSolutionNode = FALSE
	EndGlobalSection
	GlobalSection(ExtensibilityGlobals) = postSolution
		SolutionGuid = {06EE7389-019C-459D-9E68-CFF34265C97E}
	EndGlobalSection
EndGlobal
